
Microsoft Visual Studio Solution File, Format Version 12.00
# Visual Studio Version 17
VisualStudioVersion = 17.0.31903.59
MinimumVisualStudioVersion = 10.0.40219.1
Project("{2150E333-8FDC-42A3-9474-1A3956D46DE8}") = "src", "src", "{827E0CD3-B72D-47B6-A68D-7590B98EB39B}"
EndProject
Project("{FAE04EC0-301F-11D3-BF4B-00C04F79EFBC}") = "Skanyxx.Core", "src\Skanyxx.Core\Skanyxx.Core.csproj", "{54A22B7C-5957-4AB2-9405-D64953B264E2}"
EndProject
Project("{FAE04EC0-301F-11D3-BF4B-00C04F79EFBC}") = "Skanyxx.Host", "src\Skanyxx.Host\Skanyxx.Host.csproj", "{B608146C-CE8B-43CB-9786-7BCE44E73113}"
EndProject
Project("{2150E333-8FDC-42A3-9474-1A3956D46DE8}") = "Modules", "Modules", "{EC447DCF-ABFA-6E24-52A5-D7FD48A5C558}"
EndProject
Project("{FAE04EC0-301F-11D3-BF4B-00C04F79EFBC}") = "Skanyxx.Module.Agents", "src\Modules\Skanyxx.Module.Agents\Skanyxx.Module.Agents.csproj", "{4924452D-0DA0-451B-A5D7-9EBCC0C35237}"
EndProject
Project("{FAE04EC0-301F-11D3-BF4B-00C04F79EFBC}") = "Skanyxx.Module.Alerts", "src\Modules\Skanyxx.Module.Alerts\Skanyxx.Module.Alerts.csproj", "{3E08B974-8D59-400B-97B7-EB0040FCA14B}"
EndProject
Project("{FAE04EC0-301F-11D3-BF4B-00C04F79EFBC}") = "Skanyxx.Module.Analytics", "src\Modules\Skanyxx.Module.Analytics\Skanyxx.Module.Analytics.csproj", "{FD18E489-D0BF-489A-AF95-DC1C2B37E525}"
EndProject
Project("{FAE04EC0-301F-11D3-BF4B-00C04F79EFBC}") = "Skanyxx.Module.Chat", "src\Modules\Skanyxx.Module.Chat\Skanyxx.Module.Chat.csproj", "{0121987C-0C6D-4879-91E2-0D971A5CAE35}"
EndProject
Project("{FAE04EC0-301F-11D3-BF4B-00C04F79EFBC}") = "Skanyxx.Module.CloudTools", "src\Modules\Skanyxx.Module.CloudTools\Skanyxx.Module.CloudTools.csproj", "{FC88D32C-41F1-48F2-80A7-B66148460D58}"
EndProject
Project("{FAE04EC0-301F-11D3-BF4B-00C04F79EFBC}") = "Skanyxx.Module.Dashboard", "src\Modules\Skanyxx.Module.Dashboard\Skanyxx.Module.Dashboard.csproj", "{C062A394-DE7C-428D-90B3-12D8EEFF0129}"
EndProject
Project("{FAE04EC0-301F-11D3-BF4B-00C04F79EFBC}") = "Skanyxx.Module.Debug", "src\Modules\Skanyxx.Module.Debug\Skanyxx.Module.Debug.csproj", "{EB1F04DE-15DC-445B-BB62-5293484DC9AE}"
EndProject
Project("{FAE04EC0-301F-11D3-BF4B-00C04F79EFBC}") = "Skanyxx.Module.Hooks", "src\Modules\Skanyxx.Module.Hooks\Skanyxx.Module.Hooks.csproj", "{74A8CE00-9C65-441D-BAAC-99E5F4A84D18}"
EndProject
Project("{FAE04EC0-301F-11D3-BF4B-00C04F79EFBC}") = "Skanyxx.Module.Investigate", "src\Modules\Skanyxx.Module.Investigate\Skanyxx.Module.Investigate.csproj", "{F8047A2D-142C-4543-B486-B6C356E34D79}"
EndProject
Project("{FAE04EC0-301F-11D3-BF4B-00C04F79EFBC}") = "Skanyxx.Module.Memory", "src\Modules\Skanyxx.Module.Memory\Skanyxx.Module.Memory.csproj", "{977D336F-21F3-49D9-8468-920F8939FFA1}"
EndProject
Project("{FAE04EC0-301F-11D3-BF4B-00C04F79EFBC}") = "Skanyxx.Module.Sessions", "src\Modules\Skanyxx.Module.Sessions\Skanyxx.Module.Sessions.csproj", "{3A825670-5081-4718-ACDF-51F1045493E4}"
EndProject
Project("{FAE04EC0-301F-11D3-BF4B-00C04F79EFBC}") = "Skanyxx.Module.Settings", "src\Modules\Skanyxx.Module.Settings\Skanyxx.Module.Settings.csproj", "{68337BD8-132E-4EDD-9F2B-EB18F60EEDC4}"
EndProject
Project("{FAE04EC0-301F-11D3-BF4B-00C04F79EFBC}") = "Skanyxx.Module.ToolServers", "src\Modules\Skanyxx.Module.ToolServers\Skanyxx.Module.ToolServers.csproj", "{2BA54C2C-7B8B-4975-8AE4-724B40A72A91}"
EndProject
Global
	GlobalSection(SolutionConfigurationPlatforms) = preSolution
		Debug|Any CPU = Debug|Any CPU
		Debug|x64 = Debug|x64
		Debug|x86 = Debug|x86
		Release|Any CPU = Release|Any CPU
		Release|x64 = Release|x64
		Release|x86 = Release|x86
	EndGlobalSection
	GlobalSection(ProjectConfigurationPlatforms) = postSolution
		{54A22B7C-5957-4AB2-9405-D64953B264E2}.Debug|Any CPU.ActiveCfg = Debug|Any CPU
		{54A22B7C-5957-4AB2-9405-D64953B264E2}.Debug|Any CPU.Build.0 = Debug|Any CPU
		{54A22B7C-5957-4AB2-9405-D64953B264E2}.Debug|x64.ActiveCfg = Debug|Any CPU
		{54A22B7C-5957-4AB2-9405-D64953B264E2}.Debug|x64.Build.0 = Debug|Any CPU
		{54A22B7C-5957-4AB2-9405-D64953B264E2}.Debug|x86.ActiveCfg = Debug|Any CPU
		{54A22B7C-5957-4AB2-9405-D64953B264E2}.Debug|x86.Build.0 = Debug|Any CPU
		{54A22B7C-5957-4AB2-9405-D64953B264E2}.Release|Any CPU.ActiveCfg = Release|Any CPU
		{54A22B7C-5957-4AB2-9405-D64953B264E2}.Release|Any CPU.Build.0 = Release|Any CPU
		{54A22B7C-5957-4AB2-9405-D64953B264E2}.Release|x64.ActiveCfg = Release|Any CPU
		{54A22B7C-5957-4AB2-9405-D64953B264E2}.Release|x64.Build.0 = Release|Any CPU
		{54A22B7C-5957-4AB2-9405-D64953B264E2}.Release|x86.ActiveCfg = Release|Any CPU
		{54A22B7C-5957-4AB2-9405-D64953B264E2}.Release|x86.Build.0 = Release|Any CPU
		{B608146C-CE8B-43CB-9786-7BCE44E73113}.Debug|Any CPU.ActiveCfg = Debug|Any CPU
		{B608146C-CE8B-43CB-9786-7BCE44E73113}.Debug|Any CPU.Build.0 = Debug|Any CPU
		{B608146C-CE8B-43CB-9786-7BCE44E73113}.Debug|x64.ActiveCfg = Debug|Any CPU
		{B608146C-CE8B-43CB-9786-7BCE44E73113}.Debug|x64.Build.0 = Debug|Any CPU
		{B608146C-CE8B-43CB-9786-7BCE44E73113}.Debug|x86.ActiveCfg = Debug|Any CPU
		{B608146C-CE8B-43CB-9786-7BCE44E73113}.Debug|x86.Build.0 = Debug|Any CPU
		{B608146C-CE8B-43CB-9786-7BCE44E73113}.Release|Any CPU.ActiveCfg = Release|Any CPU
		{B608146C-CE8B-43CB-9786-7BCE44E73113}.Release|Any CPU.Build.0 = Release|Any CPU
		{B608146C-CE8B-43CB-9786-7BCE44E73113}.Release|x64.ActiveCfg = Release|Any CPU
		{B608146C-CE8B-43CB-9786-7BCE44E73113}.Release|x64.Build.0 = Release|Any CPU
		{B608146C-CE8B-43CB-9786-7BCE44E73113}.Release|x86.ActiveCfg = Release|Any CPU
		{B608146C-CE8B-43CB-9786-7BCE44E73113}.Release|x86.Build.0 = Release|Any CPU
		{4924452D-0DA0-451B-A5D7-9EBCC0C35237}.Debug|Any CPU.ActiveCfg = Debug|Any CPU
		{4924452D-0DA0-451B-A5D7-9EBCC0C35237}.Debug|Any CPU.Build.0 = Debug|Any CPU
		{4924452D-0DA0-451B-A5D7-9EBCC0C35237}.Debug|x64.ActiveCfg = Debug|Any CPU
		{4924452D-0DA0-451B-A5D7-9EBCC0C35237}.Debug|x64.Build.0 = Debug|Any CPU
		{4924452D-0DA0-451B-A5D7-9EBCC0C35237}.Debug|x86.ActiveCfg = Debug|Any CPU
		{4924452D-0DA0-451B-A5D7-9EBCC0C35237}.Debug|x86.Build.0 = Debug|Any CPU
		{4924452D-0DA0-451B-A5D7-9EBCC0C35237}.Release|Any CPU.ActiveCfg = Release|Any CPU
		{4924452D-0DA0-451B-A5D7-9EBCC0C35237}.Release|Any CPU.Build.0 = Release|Any CPU
		{4924452D-0DA0-451B-A5D7-9EBCC0C35237}.Release|x64.ActiveCfg = Release|Any CPU
		{4924452D-0DA0-451B-A5D7-9EBCC0C35237}.Release|x64.Build.0 = Release|Any CPU
		{4924452D-0DA0-451B-A5D7-9EBCC0C35237}.Release|x86.ActiveCfg = Release|Any CPU
		{4924452D-0DA0-451B-A5D7-9EBCC0C35237}.Release|x86.Build.0 = Release|Any CPU
		{3E08B974-8D59-400B-97B7-EB0040FCA14B}.Debug|Any CPU.ActiveCfg = Debug|Any CPU
		{3E08B974-8D59-400B-97B7-EB0040FCA14B}.Debug|Any CPU.Build.0 = Debug|Any CPU
		{3E08B974-8D59-400B-97B7-EB0040FCA14B}.Debug|x64.ActiveCfg = Debug|Any CPU
		{3E08B974-8D59-400B-97B7-EB0040FCA14B}.Debug|x64.Build.0 = Debug|Any CPU
		{3E08B974-8D59-400B-97B7-EB0040FCA14B}.Debug|x86.ActiveCfg = Debug|Any CPU
		{3E08B974-8D59-400B-97B7-EB0040FCA14B}.Debug|x86.Build.0 = Debug|Any CPU
		{3E08B974-8D59-400B-97B7-EB0040FCA14B}.Release|Any CPU.ActiveCfg = Release|Any CPU
		{3E08B974-8D59-400B-97B7-EB0040FCA14B}.Release|Any CPU.Build.0 = Release|Any CPU
		{3E08B974-8D59-400B-97B7-EB0040FCA14B}.Release|x64.ActiveCfg = Release|Any CPU
		{3E08B974-8D59-400B-97B7-EB0040FCA14B}.Release|x64.Build.0 = Release|Any CPU
		{3E08B974-8D59-400B-97B7-EB0040FCA14B}.Release|x86.ActiveCfg = Release|Any CPU
		{3E08B974-8D59-400B-97B7-EB0040FCA14B}.Release|x86.Build.0 = Release|Any CPU
		{FD18E489-D0BF-489A-AF95-DC1C2B37E525}.Debug|Any CPU.ActiveCfg = Debug|Any CPU
		{FD18E489-D0BF-489A-AF95-DC1C2B37E525}.Debug|Any CPU.Build.0 = Debug|Any CPU
		{FD18E489-D0BF-489A-AF95-DC1C2B37E525}.Debug|x64.ActiveCfg = Debug|Any CPU
		{FD18E489-D0BF-489A-AF95-DC1C2B37E525}.Debug|x64.Build.0 = Debug|Any CPU
		{FD18E489-D0BF-489A-AF95-DC1C2B37E525}.Debug|x86.ActiveCfg = Debug|Any CPU
		{FD18E489-D0BF-489A-AF95-DC1C2B37E525}.Debug|x86.Build.0 = Debug|Any CPU
		{FD18E489-D0BF-489A-AF95-DC1C2B37E525}.Release|Any CPU.ActiveCfg = Release|Any CPU
		{FD18E489-D0BF-489A-AF95-DC1C2B37E525}.Release|Any CPU.Build.0 = Release|Any CPU
		{FD18E489-D0BF-489A-AF95-DC1C2B37E525}.Release|x64.ActiveCfg = Release|Any CPU
		{FD18E489-D0BF-489A-AF95-DC1C2B37E525}.Release|x64.Build.0 = Release|Any CPU
		{FD18E489-D0BF-489A-AF95-DC1C2B37E525}.Release|x86.ActiveCfg = Release|Any CPU
		{FD18E489-D0BF-489A-AF95-DC1C2B37E525}.Release|x86.Build.0 = Release|Any CPU
		{0121987C-0C6D-4879-91E2-0D971A5CAE35}.Debug|Any CPU.ActiveCfg = Debug|Any CPU
		{0121987C-0C6D-4879-91E2-0D971A5CAE35}.Debug|Any CPU.Build.0 = Debug|Any CPU
		{0121987C-0C6D-4879-91E2-0D971A5CAE35}.Debug|x64.ActiveCfg = Debug|Any CPU
		{0121987C-0C6D-4879-91E2-0D971A5CAE35}.Debug|x64.Build.0 = Debug|Any CPU
		{0121987C-0C6D-4879-91E2-0D971A5CAE35}.Debug|x86.ActiveCfg = Debug|Any CPU
		{0121987C-0C6D-4879-91E2-0D971A5CAE35}.Debug|x86.Build.0 = Debug|Any CPU
		{0121987C-0C6D-4879-91E2-0D971A5CAE35}.Release|Any CPU.ActiveCfg = Release|Any CPU
		{0121987C-0C6D-4879-91E2-0D971A5CAE35}.Release|Any CPU.Build.0 = Release|Any CPU
		{0121987C-0C6D-4879-91E2-0D971A5CAE35}.Release|x64.ActiveCfg = Release|Any CPU
		{0121987C-0C6D-4879-91E2-0D971A5CAE35}.Release|x64.Build.0 = Release|Any CPU
		{0121987C-0C6D-4879-91E2-0D971A5CAE35}.Release|x86.ActiveCfg = Release|Any CPU
		{0121987C-0C6D-4879-91E2-0D971A5CAE35}.Release|x86.Build.0 = Release|Any CPU
		{FC88D32C-41F1-48F2-80A7-B66148460D58}.Debug|Any CPU.ActiveCfg = Debug|Any CPU
		{FC88D32C-41F1-48F2-80A7-B66148460D58}.Debug|Any CPU.Build.0 = Debug|Any CPU
		{FC88D32C-41F1-48F2-80A7-B66148460D58}.Debug|x64.ActiveCfg = Debug|Any CPU
		{FC88D32C-41F1-48F2-80A7-B66148460D58}.Debug|x64.Build.0 = Debug|Any CPU
		{FC88D32C-41F1-48F2-80A7-B66148460D58}.Debug|x86.ActiveCfg = Debug|Any CPU
		{FC88D32C-41F1-48F2-80A7-B66148460D58}.Debug|x86.Build.0 = Debug|Any CPU
		{FC88D32C-41F1-48F2-80A7-B66148460D58}.Release|Any CPU.ActiveCfg = Release|Any CPU
		{FC88D32C-41F1-48F2-80A7-B66148460D58}.Release|Any CPU.Build.0 = Release|Any CPU
		{FC88D32C-41F1-48F2-80A7-B66148460D58}.Release|x64.ActiveCfg = Release|Any CPU
		{FC88D32C-41F1-48F2-80A7-B66148460D58}.Release|x64.Build.0 = Release|Any CPU
		{FC88D32C-41F1-48F2-80A7-B66148460D58}.Release|x86.ActiveCfg = Release|Any CPU
		{FC88D32C-41F1-48F2-80A7-B66148460D58}.Release|x86.Build.0 = Release|Any CPU
		{C062A394-DE7C-428D-90B3-12D8EEFF0129}.Debug|Any CPU.ActiveCfg = Debug|Any CPU
		{C062A394-DE7C-428D-90B3-12D8EEFF0129}.Debug|Any CPU.Build.0 = Debug|Any CPU
		{C062A394-DE7C-428D-90B3-12D8EEFF0129}.Debug|x64.ActiveCfg = Debug|Any CPU
		{C062A394-DE7C-428D-90B3-12D8EEFF0129}.Debug|x64.Build.0 = Debug|Any CPU
		{C062A394-DE7C-428D-90B3-12D8EEFF0129}.Debug|x86.ActiveCfg = Debug|Any CPU
		{C062A394-DE7C-428D-90B3-12D8EEFF0129}.Debug|x86.Build.0 = Debug|Any CPU
		{C062A394-DE7C-428D-90B3-12D8EEFF0129}.Release|Any CPU.ActiveCfg = Release|Any CPU
		{C062A394-DE7C-428D-90B3-12D8EEFF0129}.Release|Any CPU.Build.0 = Release|Any CPU
		{C062A394-DE7C-428D-90B3-12D8EEFF0129}.Release|x64.ActiveCfg = Release|Any CPU
		{C062A394-DE7C-428D-90B3-12D8EEFF0129}.Release|x64.Build.0 = Release|Any CPU
		{C062A394-DE7C-428D-90B3-12D8EEFF0129}.Release|x86.ActiveCfg = Release|Any CPU
		{C062A394-DE7C-428D-90B3-12D8EEFF0129}.Release|x86.Build.0 = Release|Any CPU
		{EB1F04DE-15DC-445B-BB62-5293484DC9AE}.Debug|Any CPU.ActiveCfg = Debug|Any CPU
		{EB1F04DE-15DC-445B-BB62-5293484DC9AE}.Debug|Any CPU.Build.0 = Debug|Any CPU
		{EB1F04DE-15DC-445B-BB62-5293484DC9AE}.Debug|x64.ActiveCfg = Debug|Any CPU
		{EB1F04DE-15DC-445B-BB62-5293484DC9AE}.Debug|x64.Build.0 = Debug|Any CPU
		{EB1F04DE-15DC-445B-BB62-5293484DC9AE}.Debug|x86.ActiveCfg = Debug|Any CPU
		{EB1F04DE-15DC-445B-BB62-5293484DC9AE}.Debug|x86.Build.0 = Debug|Any CPU
		{EB1F04DE-15DC-445B-BB62-5293484DC9AE}.Release|Any CPU.ActiveCfg = Release|Any CPU
		{EB1F04DE-15DC-445B-BB62-5293484DC9AE}.Release|Any CPU.Build.0 = Release|Any CPU
		{EB1F04DE-15DC-445B-BB62-5293484DC9AE}.Release|x64.ActiveCfg = Release|Any CPU
		{EB1F04DE-15DC-445B-BB62-5293484DC9AE}.Release|x64.Build.0 = Release|Any CPU
		{EB1F04DE-15DC-445B-BB62-5293484DC9AE}.Release|x86.ActiveCfg = Release|Any CPU
		{EB1F04DE-15DC-445B-BB62-5293484DC9AE}.Release|x86.Build.0 = Release|Any CPU
		{74A8CE00-9C65-441D-BAAC-99E5F4A84D18}.Debug|Any CPU.ActiveCfg = Debug|Any CPU
		{74A8CE00-9C65-441D-BAAC-99E5F4A84D18}.Debug|Any CPU.Build.0 = Debug|Any CPU
		{74A8CE00-9C65-441D-BAAC-99E5F4A84D18}.Debug|x64.ActiveCfg = Debug|Any CPU
		{74A8CE00-9C65-441D-BAAC-99E5F4A84D18}.Debug|x64.Build.0 = Debug|Any CPU
		{74A8CE00-9C65-441D-BAAC-99E5F4A84D18}.Debug|x86.ActiveCfg = Debug|Any CPU
		{74A8CE00-9C65-441D-BAAC-99E5F4A84D18}.Debug|x86.Build.0 = Debug|Any CPU
		{74A8CE00-9C65-441D-BAAC-99E5F4A84D18}.Release|Any CPU.ActiveCfg = Release|Any CPU
		{74A8CE00-9C65-441D-BAAC-99E5F4A84D18}.Release|Any CPU.Build.0 = Release|Any CPU
		{74A8CE00-9C65-441D-BAAC-99E5F4A84D18}.Release|x64.ActiveCfg = Release|Any CPU
		{74A8CE00-9C65-441D-BAAC-99E5F4A84D18}.Release|x64.Build.0 = Release|Any CPU
		{74A8CE00-9C65-441D-BAAC-99E5F4A84D18}.Release|x86.ActiveCfg = Release|Any CPU
		{74A8CE00-9C65-441D-BAAC-99E5F4A84D18}.Release|x86.Build.0 = Release|Any CPU
		{F8047A2D-142C-4543-B486-B6C356E34D79}.Debug|Any CPU.ActiveCfg = Debug|Any CPU
		{F8047A2D-142C-4543-B486-B6C356E34D79}.Debug|Any CPU.Build.0 = Debug|Any CPU
		{F8047A2D-142C-4543-B486-B6C356E34D79}.Debug|x64.ActiveCfg = Debug|Any CPU
		{F8047A2D-142C-4543-B486-B6C356E34D79}.Debug|x64.Build.0 = Debug|Any CPU
		{F8047A2D-142C-4543-B486-B6C356E34D79}.Debug|x86.ActiveCfg = Debug|Any CPU
		{F8047A2D-142C-4543-B486-B6C356E34D79}.Debug|x86.Build.0 = Debug|Any CPU
		{F8047A2D-142C-4543-B486-B6C356E34D79}.Release|Any CPU.ActiveCfg = Release|Any CPU
		{F8047A2D-142C-4543-B486-B6C356E34D79}.Release|Any CPU.Build.0 = Release|Any CPU
		{F8047A2D-142C-4543-B486-B6C356E34D79}.Release|x64.ActiveCfg = Release|Any CPU
		{F8047A2D-142C-4543-B486-B6C356E34D79}.Release|x64.Build.0 = Release|Any CPU
		{F8047A2D-142C-4543-B486-B6C356E34D79}.Release|x86.ActiveCfg = Release|Any CPU
		{F8047A2D-142C-4543-B486-B6C356E34D79}.Release|x86.Build.0 = Release|Any CPU
		{977D336F-21F3-49D9-8468-920F8939FFA1}.Debug|Any CPU.ActiveCfg = Debug|Any CPU
		{977D336F-21F3-49D9-8468-920F8939FFA1}.Debug|Any CPU.Build.0 = Debug|Any CPU
		{977D336F-21F3-49D9-8468-920F8939FFA1}.Debug|x64.ActiveCfg = Debug|Any CPU
		{977D336F-21F3-49D9-8468-920F8939FFA1}.Debug|x64.Build.0 = Debug|Any CPU
		{977D336F-21F3-49D9-8468-920F8939FFA1}.Debug|x86.ActiveCfg = Debug|Any CPU
		{977D336F-21F3-49D9-8468-920F8939FFA1}.Debug|x86.Build.0 = Debug|Any CPU
		{977D336F-21F3-49D9-8468-920F8939FFA1}.Release|Any CPU.ActiveCfg = Release|Any CPU
		{977D336F-21F3-49D9-8468-920F8939FFA1}.Release|Any CPU.Build.0 = Release|Any CPU
		{977D336F-21F3-49D9-8468-920F8939FFA1}.Release|x64.ActiveCfg = Release|Any CPU
		{977D336F-21F3-49D9-8468-920F8939FFA1}.Release|x64.Build.0 = Release|Any CPU
		{977D336F-21F3-49D9-8468-920F8939FFA1}.Release|x86.ActiveCfg = Release|Any CPU
		{977D336F-21F3-49D9-8468-920F8939FFA1}.Release|x86.Build.0 = Release|Any CPU
		{3A825670-5081-4718-ACDF-51F1045493E4}.Debug|Any CPU.ActiveCfg = Debug|Any CPU
		{3A825670-5081-4718-ACDF-51F1045493E4}.Debug|Any CPU.Build.0 = Debug|Any CPU
		{3A825670-5081-4718-ACDF-51F1045493E4}.Debug|x64.ActiveCfg = Debug|Any CPU
		{3A825670-5081-4718-ACDF-51F1045493E4}.Debug|x64.Build.0 = Debug|Any CPU
		{3A825670-5081-4718-ACDF-51F1045493E4}.Debug|x86.ActiveCfg = Debug|Any CPU
		{3A825670-5081-4718-ACDF-51F1045493E4}.Debug|x86.Build.0 = Debug|Any CPU
		{3A825670-5081-4718-ACDF-51F1045493E4}.Release|Any CPU.ActiveCfg = Release|Any CPU
		{3A825670-5081-4718-ACDF-51F1045493E4}.Release|Any CPU.Build.0 = Release|Any CPU
		{3A825670-5081-4718-ACDF-51F1045493E4}.Release|x64.ActiveCfg = Release|Any CPU
		{3A825670-5081-4718-ACDF-51F1045493E4}.Release|x64.Build.0 = Release|Any CPU
		{3A825670-5081-4718-ACDF-51F1045493E4}.Release|x86.ActiveCfg = Release|Any CPU
		{3A825670-5081-4718-ACDF-51F1045493E4}.Release|x86.Build.0 = Release|Any CPU
		{68337BD8-132E-4EDD-9F2B-EB18F60EEDC4}.Debug|Any CPU.ActiveCfg = Debug|Any CPU
		{68337BD8-132E-4EDD-9F2B-EB18F60EEDC4}.Debug|Any CPU.Build.0 = Debug|Any CPU
		{68337BD8-132E-4EDD-9F2B-EB18F60EEDC4}.Debug|x64.ActiveCfg = Debug|Any CPU
		{68337BD8-132E-4EDD-9F2B-EB18F60EEDC4}.Debug|x64.Build.0 = Debug|Any CPU
		{68337BD8-132E-4EDD-9F2B-EB18F60EEDC4}.Debug|x86.ActiveCfg = Debug|Any CPU
		{68337BD8-132E-4EDD-9F2B-EB18F60EEDC4}.Debug|x86.Build.0 = Debug|Any CPU
		{68337BD8-132E-4EDD-9F2B-EB18F60EEDC4}.Release|Any CPU.ActiveCfg = Release|Any CPU
		{68337BD8-132E-4EDD-9F2B-EB18F60EEDC4}.Release|Any CPU.Build.0 = Release|Any CPU
		{68337BD8-132E-4EDD-9F2B-EB18F60EEDC4}.Release|x64.ActiveCfg = Release|Any CPU
		{68337BD8-132E-4EDD-9F2B-EB18F60EEDC4}.Release|x64.Build.0 = Release|Any CPU
		{68337BD8-132E-4EDD-9F2B-EB18F60EEDC4}.Release|x86.ActiveCfg = Release|Any CPU
		{68337BD8-132E-4EDD-9F2B-EB18F60EEDC4}.Release|x86.Build.0 = Release|Any CPU
		{2BA54C2C-7B8B-4975-8AE4-724B40A72A91}.Debug|Any CPU.ActiveCfg = Debug|Any CPU
		{2BA54C2C-7B8B-4975-8AE4-724B40A72A91}.Debug|Any CPU.Build.0 = Debug|Any CPU
		{2BA54C2C-7B8B-4975-8AE4-724B40A72A91}.Debug|x64.ActiveCfg = Debug|Any CPU
		{2BA54C2C-7B8B-4975-8AE4-724B40A72A91}.Debug|x64.Build.0 = Debug|Any CPU
		{2BA54C2C-7B8B-4975-8AE4-724B40A72A91}.Debug|x86.ActiveCfg = Debug|Any CPU
		{2BA54C2C-7B8B-4975-8AE4-724B40A72A91}.Debug|x86.Build.0 = Debug|Any CPU
		{2BA54C2C-7B8B-4975-8AE4-724B40A72A91}.Release|Any CPU.ActiveCfg = Release|Any CPU
		{2BA54C2C-7B8B-4975-8AE4-724B40A72A91}.Release|Any CPU.Build.0 = Release|Any CPU
		{2BA54C2C-7B8B-4975-8AE4-724B40A72A91}.Release|x64.ActiveCfg = Release|Any CPU
		{2BA54C2C-7B8B-4975-8AE4-724B40A72A91}.Release|x64.Build.0 = Release|Any CPU
		{2BA54C2C-7B8B-4975-8AE4-724B40A72A91}.Release|x86.ActiveCfg = Release|Any CPU
		{2BA54C2C-7B8B-4975-8AE4-724B40A72A91}.Release|x86.Build.0 = Release|Any CPU
	EndGlobalSection
	GlobalSection(SolutionProperties) = preSolution
		HideSolutionNode = FALSE
	EndGlobalSection
	GlobalSection(NestedProjects) = preSolution
		{54A22B7C-5957-4AB2-9405-D64953B264E2} = {827E0CD3-B72D-47B6-A68D-7590B98EB39B}
		{B608146C-CE8B-43CB-9786-7BCE44E73113} = {827E0CD3-B72D-47B6-A68D-7590B98EB39B}
		{EC447DCF-ABFA-6E24-52A5-D7FD48A5C558} = {827E0CD3-B72D-47B6-A68D-7590B98EB39B}
		{4924452D-0DA0-451B-A5D7-9EBCC0C35237} = {EC447DCF-ABFA-6E24-52A5-D7FD48A5C558}
		{3E08B974-8D59-400B-97B7-EB0040FCA14B} = {EC447DCF-ABFA-6E24-52A5-D7FD48A5C558}
		{FD18E489-D0BF-489A-AF95-DC1C2B37E525} = {EC447DCF-ABFA-6E24-52A5-D7FD48A5C558}
		{0121987C-0C6D-4879-91E2-0D971A5CAE35} = {EC447DCF-ABFA-6E24-52A5-D7FD48A5C558}
		{FC88D32C-41F1-48F2-80A7-B66148460D58} = {EC447DCF-ABFA-6E24-52A5-D7FD48A5C558}
		{C062A394-DE7C-428D-90B3-12D8EEFF0129} = {EC447DCF-ABFA-6E24-52A5-D7FD48A5C558}
		{EB1F04DE-15DC-445B-BB62-5293484DC9AE} = {EC447DCF-ABFA-6E24-52A5-D7FD48A5C558}
		{74A8CE00-9C65-441D-BAAC-99E5F4A84D18} = {EC447DCF-ABFA-6E24-52A5-D7FD48A5C558}
		{F8047A2D-142C-4543-B486-B6C356E34D79} = {EC447DCF-ABFA-6E24-52A5-D7FD48A5C558}
		{977D336F-21F3-49D9-8468-920F8939FFA1} = {EC447DCF-ABFA-6E24-52A5-D7FD48A5C558}
		{3A825670-5081-4718-ACDF-51F1045493E4} = {EC447DCF-ABFA-6E24-52A5-D7FD48A5C558}
		{68337BD8-132E-4EDD-9F2B-EB18F60EEDC4} = {EC447DCF-ABFA-6E24-52A5-D7FD48A5C558}
		{2BA54C2C-7B8B-4975-8AE4-724B40A72A91} = {EC447DCF-ABFA-6E24-52A5-D7FD48A5C558}
	EndGlobalSection
EndGlobal
